
Microsoft Visual Studio Solution File, Format Version 12.00
# Visual Studio Version 17
VisualStudioVersion = 17.8.34316.72
MinimumVisualStudioVersion = 10.0.40219.1
Project("{FAE04EC0-301F-11D3-BF4B-00C04F79EFBC}") = "Monogame1", "Monogame1.csproj", "{79B57F5B-A931-431F-8DA3-B6A396F9482F}"
EndProject
Global
	GlobalSection(SolutionConfigurationPlatforms) = preSolution
		Debug|Any CPU = Debug|Any CPU
		Release|Any CPU = Release|Any CPU
	EndGlobalSection
	GlobalSection(ProjectConfigurationPlatforms) = postSolution
		{79B57F5B-A931-431F-8DA3-B6A396F9482F}.Debug|Any CPU.ActiveCfg = Debug|Any CPU
		{79B57F5B-A931-431F-8DA3-B6A396F9482F}.Debug|Any CPU.Build.0 = Debug|Any CPU
		{79B57F5B-A931-431F-8DA3-B6A396F9482F}.Release|Any CPU.ActiveCfg = Release|Any CPU
		{79B57F5B-A931-431F-8DA3-B6A396F9482F}.Release|Any CPU.Build.0 = Release|Any CPU
	EndGlobalSection
	GlobalSection(SolutionProperties) = preSolution
		HideSolutionNode = FALSE
	EndGlobalSection
	GlobalSection(ExtensibilityGlobals) = postSolution
		SolutionGuid = {E936F137-5007-4782-93F6-AB9DFEBCF179}
	EndGlobalSection
EndGlobal
